
Microsoft Visual Studio Solution File, Format Version 12.00
# Visual Studio Version 17
VisualStudioVersion = 17.9.34728.123
MinimumVisualStudioVersion = 10.0.40219.1
Project("{FAE04EC0-301F-11D3-BF4B-00C04F79EFBC}") = "Cutouts Generator", "Cutouts Generator\Cutouts Generator.csproj", "{D8A2CFEF-A10F-4A70-B6F1-23F4DB809FE4}"
EndProject
Global
	GlobalSection(SolutionConfigurationPlatforms) = preSolution
		Debug|Any CPU = Debug|Any CPU
		Release|Any CPU = Release|Any CPU
	EndGlobalSection
	GlobalSection(ProjectConfigurationPlatforms) = postSolution
		{D8A2CFEF-A10F-4A70-B6F1-23F4DB809FE4}.Debug|Any CPU.ActiveCfg = Debug|Any CPU
		{D8A2CFEF-A10F-4A70-B6F1-23F4DB809FE4}.Debug|Any CPU.Build.0 = Debug|Any CPU
		{D8A2CFEF-A10F-4A70-B6F1-23F4DB809FE4}.Release|Any CPU.ActiveCfg = Release|Any CPU
		{D8A2CFEF-A10F-4A70-B6F1-23F4DB809FE4}.Release|Any CPU.Build.0 = Release|Any CPU
	EndGlobalSection
	GlobalSection(SolutionProperties) = preSolution
		HideSolutionNode = FALSE
	EndGlobalSection
	GlobalSection(ExtensibilityGlobals) = postSolution
		SolutionGuid = {8B81A38A-7A95-4A02-ACE0-5E4B6ABA19B5}
	EndGlobalSection
EndGlobal
